
Microsoft Visual Studio Solution File, Format Version 12.00
# Visual Studio Version 16
VisualStudioVersion = 16.0.35130.168
MinimumVisualStudioVersion = 10.0.40219.1
Project("{FAE04EC0-301F-11D3-BF4B-00C04F79EFBC}") = "calcular-sueldo1", "calcular-sueldo1\calcular-sueldo1.csproj", "{BB30BEA2-AA51-4627-8621-3AD4858AA266}"
EndProject
Global
	GlobalSection(SolutionConfigurationPlatforms) = preSolution
		Debug|Any CPU = Debug|Any CPU
		Release|Any CPU = Release|Any CPU
	EndGlobalSection
	GlobalSection(ProjectConfigurationPlatforms) = postSolution
		{BB30BEA2-AA51-4627-8621-3AD4858AA266}.Debug|Any CPU.ActiveCfg = Debug|Any CPU
		{BB30BEA2-AA51-4627-8621-3AD4858AA266}.Debug|Any CPU.Build.0 = Debug|Any CPU
		{BB30BEA2-AA51-4627-8621-3AD4858AA266}.Release|Any CPU.ActiveCfg = Release|Any CPU
		{BB30BEA2-AA51-4627-8621-3AD4858AA266}.Release|Any CPU.Build.0 = Release|Any CPU
	EndGlobalSection
	GlobalSection(SolutionProperties) = preSolution
		HideSolutionNode = FALSE
	EndGlobalSection
	GlobalSection(ExtensibilityGlobals) = postSolution
		SolutionGuid = {1482AFFA-6D95-4436-8AA4-F897DF08AF29}
	EndGlobalSection
EndGlobal
