
Microsoft Visual Studio Solution File, Format Version 12.00
# Visual Studio Version 16
VisualStudioVersion = 16.0.34729.46
MinimumVisualStudioVersion = 10.0.40219.1
Project("{FAE04EC0-301F-11D3-BF4B-00C04F79EFBC}") = "operadores-logicos", "operadores-logicos\operadores-logicos.csproj", "{F1EE2D99-65FF-40B0-B715-21A7E2D704E8}"
EndProject
Global
	GlobalSection(SolutionConfigurationPlatforms) = preSolution
		Debug|Any CPU = Debug|Any CPU
		Release|Any CPU = Release|Any CPU
	EndGlobalSection
	GlobalSection(ProjectConfigurationPlatforms) = postSolution
		{F1EE2D99-65FF-40B0-B715-21A7E2D704E8}.Debug|Any CPU.ActiveCfg = Debug|Any CPU
		{F1EE2D99-65FF-40B0-B715-21A7E2D704E8}.Debug|Any CPU.Build.0 = Debug|Any CPU
		{F1EE2D99-65FF-40B0-B715-21A7E2D704E8}.Release|Any CPU.ActiveCfg = Release|Any CPU
		{F1EE2D99-65FF-40B0-B715-21A7E2D704E8}.Release|Any CPU.Build.0 = Release|Any CPU
	EndGlobalSection
	GlobalSection(SolutionProperties) = preSolution
		HideSolutionNode = FALSE
	EndGlobalSection
	GlobalSection(ExtensibilityGlobals) = postSolution
		SolutionGuid = {7573E97C-44D5-45FB-A144-40BB85E5867F}
	EndGlobalSection
EndGlobal
