
Microsoft Visual Studio Solution File, Format Version 12.00
# Visual Studio Version 16
VisualStudioVersion = 16.0.34729.46
MinimumVisualStudioVersion = 10.0.40219.1
Project("{FAE04EC0-301F-11D3-BF4B-00C04F79EFBC}") = "condicional_de_edad", "condicional_de_edad\condicional_de_edad.csproj", "{543D8A39-CA79-4420-B999-5AE483308D4F}"
EndProject
Global
	GlobalSection(SolutionConfigurationPlatforms) = preSolution
		Debug|Any CPU = Debug|Any CPU
		Release|Any CPU = Release|Any CPU
	EndGlobalSection
	GlobalSection(ProjectConfigurationPlatforms) = postSolution
		{543D8A39-CA79-4420-B999-5AE483308D4F}.Debug|Any CPU.ActiveCfg = Debug|Any CPU
		{543D8A39-CA79-4420-B999-5AE483308D4F}.Debug|Any CPU.Build.0 = Debug|Any CPU
		{543D8A39-CA79-4420-B999-5AE483308D4F}.Release|Any CPU.ActiveCfg = Release|Any CPU
		{543D8A39-CA79-4420-B999-5AE483308D4F}.Release|Any CPU.Build.0 = Release|Any CPU
	EndGlobalSection
	GlobalSection(SolutionProperties) = preSolution
		HideSolutionNode = FALSE
	EndGlobalSection
	GlobalSection(ExtensibilityGlobals) = postSolution
		SolutionGuid = {66999500-1E2D-4E88-9DDC-EDD29512C552}
	EndGlobalSection
EndGlobal
