
Microsoft Visual Studio Solution File, Format Version 12.00
# Visual Studio Version 16
VisualStudioVersion = 16.0.35130.168
MinimumVisualStudioVersion = 10.0.40219.1
Project("{FAE04EC0-301F-11D3-BF4B-00C04F79EFBC}") = "clase-de-progra", "clase-de-progra\clase-de-progra.csproj", "{AADB84E9-2BCF-4259-AD63-A921AD7959D2}"
EndProject
Global
	GlobalSection(SolutionConfigurationPlatforms) = preSolution
		Debug|Any CPU = Debug|Any CPU
		Release|Any CPU = Release|Any CPU
	EndGlobalSection
	GlobalSection(ProjectConfigurationPlatforms) = postSolution
		{AADB84E9-2BCF-4259-AD63-A921AD7959D2}.Debug|Any CPU.ActiveCfg = Debug|Any CPU
		{AADB84E9-2BCF-4259-AD63-A921AD7959D2}.Debug|Any CPU.Build.0 = Debug|Any CPU
		{AADB84E9-2BCF-4259-AD63-A921AD7959D2}.Release|Any CPU.ActiveCfg = Release|Any CPU
		{AADB84E9-2BCF-4259-AD63-A921AD7959D2}.Release|Any CPU.Build.0 = Release|Any CPU
	EndGlobalSection
	GlobalSection(SolutionProperties) = preSolution
		HideSolutionNode = FALSE
	EndGlobalSection
	GlobalSection(ExtensibilityGlobals) = postSolution
		SolutionGuid = {EACCBBBD-0362-47CC-8752-A22895BD693D}
	EndGlobalSection
EndGlobal
