
Microsoft Visual Studio Solution File, Format Version 12.00
# Visual Studio Version 16
VisualStudioVersion = 16.0.34729.46
MinimumVisualStudioVersion = 10.0.40219.1
Project("{FAE04EC0-301F-11D3-BF4B-00C04F79EFBC}") = "suma-de-enteros", "suma-de-enteros\suma-de-enteros.csproj", "{23B942BA-BEBF-4ECF-83C8-A1BE02ECE036}"
EndProject
Global
	GlobalSection(SolutionConfigurationPlatforms) = preSolution
		Debug|Any CPU = Debug|Any CPU
		Release|Any CPU = Release|Any CPU
	EndGlobalSection
	GlobalSection(ProjectConfigurationPlatforms) = postSolution
		{23B942BA-BEBF-4ECF-83C8-A1BE02ECE036}.Debug|Any CPU.ActiveCfg = Debug|Any CPU
		{23B942BA-BEBF-4ECF-83C8-A1BE02ECE036}.Debug|Any CPU.Build.0 = Debug|Any CPU
		{23B942BA-BEBF-4ECF-83C8-A1BE02ECE036}.Release|Any CPU.ActiveCfg = Release|Any CPU
		{23B942BA-BEBF-4ECF-83C8-A1BE02ECE036}.Release|Any CPU.Build.0 = Release|Any CPU
	EndGlobalSection
	GlobalSection(SolutionProperties) = preSolution
		HideSolutionNode = FALSE
	EndGlobalSection
	GlobalSection(ExtensibilityGlobals) = postSolution
		SolutionGuid = {484F3491-234F-4175-B81A-53D154878538}
	EndGlobalSection
EndGlobal
